// !$*UTF8*$!
{
	archiveVersion = 1;
	classes = {
	};
	objectVersion = 46;
	objects = {

/* Begin PBXBuildFile section */
		2F138D1F1B686C070053CF89 /* MyTableViewCell.m in Sources */ = {isa = PBXBuildFile; fileRef = 2F138D141B686C070053CF89 /* MyTableViewCell.m */; };
		2F138D201B686C070053CF89 /* NSStream+SKPSMTPExtensions.m in Sources */ = {isa = PBXBuildFile; fileRef = 2F138D151B686C070053CF89 /* NSStream+SKPSMTPExtensions.m */; settings = {COMPILER_FLAGS = "-fno-objc-arc"; }; };
		2F138D211B686C070053CF89 /* Base64Transcoder.m in Sources */ = {isa = PBXBuildFile; fileRef = 2F138D171B686C070053CF89 /* Base64Transcoder.m */; settings = {COMPILER_FLAGS = "-fno-objc-arc"; }; };
		2F138D221B686C070053CF89 /* HSK_CFUtilities.m in Sources */ = {isa = PBXBuildFile; fileRef = 2F138D191B686C070053CF89 /* HSK_CFUtilities.m */; settings = {COMPILER_FLAGS = "-fno-objc-arc"; }; };
		2F138D231B686C070053CF89 /* NSData+Base64Additions.m in Sources */ = {isa = PBXBuildFile; fileRef = 2F138D1B1B686C070053CF89 /* NSData+Base64Additions.m */; settings = {COMPILER_FLAGS = "-fno-objc-arc"; }; };
		2F138D241B686C070053CF89 /* SKPSMTPMessage.m in Sources */ = {isa = PBXBuildFile; fileRef = 2F138D1E1B686C070053CF89 /* SKPSMTPMessage.m */; settings = {COMPILER_FLAGS = "-fno-objc-arc"; }; };
		2F138D271B686C560053CF89 /* ViewController.m in Sources */ = {isa = PBXBuildFile; fileRef = 2F138D261B686C560053CF89 /* ViewController.m */; };
		2FA680AB1B62CAF50025D905 /* main.m in Sources */ = {isa = PBXBuildFile; fileRef = 2FA680AA1B62CAF50025D905 /* main.m */; };
		2FA680AE1B62CAF50025D905 /* AppDelegate.m in Sources */ = {isa = PBXBuildFile; fileRef = 2FA680AD1B62CAF50025D905 /* AppDelegate.m */; };
		2FA680B11B62CAF50025D905 /* FirstViewController.m in Sources */ = {isa = PBXBuildFile; fileRef = 2FA680B01B62CAF50025D905 /* FirstViewController.m */; };
		2FA680B71B62CAF50025D905 /* Main.storyboard in Resources */ = {isa = PBXBuildFile; fileRef = 2FA680B51B62CAF50025D905 /* Main.storyboard */; };
		2FA680B91B62CAF50025D905 /* Images.xcassets in Resources */ = {isa = PBXBuildFile; fileRef = 2FA680B81B62CAF50025D905 /* Images.xcassets */; };
		2FA680BC1B62CAF50025D905 /* LaunchScreen.xib in Resources */ = {isa = PBXBuildFile; fileRef = 2FA680BA1B62CAF50025D905 /* LaunchScreen.xib */; };
		2FA680C81B62CAF50025D905 /* WeRideTests.m in Sources */ = {isa = PBXBuildFile; fileRef = 2FA680C71B62CAF50025D905 /* WeRideTests.m */; };
		2FD0575E1B66B737005EEBEC /* FBSDKCoreKit.framework in Frameworks */ = {isa = PBXBuildFile; fileRef = 2FD0575B1B66B737005EEBEC /* FBSDKCoreKit.framework */; };
		2FD0575F1B66B737005EEBEC /* FBSDKLoginKit.framework in Frameworks */ = {isa = PBXBuildFile; fileRef = 2FD0575C1B66B737005EEBEC /* FBSDKLoginKit.framework */; };
		2FD057601B66B737005EEBEC /* FBSDKShareKit.framework in Frameworks */ = {isa = PBXBuildFile; fileRef = 2FD0575D1B66B737005EEBEC /* FBSDKShareKit.framework */; };
		2FDC9FB11B66BB2100646D64 /* FriendItem.m in Sources */ = {isa = PBXBuildFile; fileRef = 2FDC9FAE1B66BB2100646D64 /* FriendItem.m */; };
		2FDC9FB21B66BB2100646D64 /* LoginFBViewController.m in Sources */ = {isa = PBXBuildFile; fileRef = 2FDC9FB01B66BB2100646D64 /* LoginFBViewController.m */; };
		2FDC9FB91B66BB5900646D64 /* BlueBackground.png in Resources */ = {isa = PBXBuildFile; fileRef = 2FDC9FB71B66BB5900646D64 /* BlueBackground.png */; };
		2FDC9FBA1B66BB5900646D64 /* fb-login-button.png in Resources */ = {isa = PBXBuildFile; fileRef = 2FDC9FB81B66BB5900646D64 /* fb-login-button.png */; };
		BA09C2F3263D8B3C60AB55B5 /* libPods.a in Frameworks */ = {isa = PBXBuildFile; fileRef = 1145071798A53F6759BDD07C /* libPods.a */; };
/* End PBXBuildFile section */

/* Begin PBXContainerItemProxy section */
		2FA680C21B62CAF50025D905 /* PBXContainerItemProxy */ = {
			isa = PBXContainerItemProxy;
			containerPortal = 2FA6809D1B62CAF50025D905 /* Project object */;
			proxyType = 1;
			remoteGlobalIDString = 2FA680A41B62CAF50025D905;
			remoteInfo = WeRide;
		};
/* End PBXContainerItemProxy section */

/* Begin PBXFileReference section */
		0106F42C4E2FA42051468CBD /* Pods.debug.xcconfig */ = {isa = PBXFileReference; includeInIndex = 1; lastKnownFileType = text.xcconfig; name = Pods.debug.xcconfig; path = "Pods/Target Support Files/Pods/Pods.debug.xcconfig"; sourceTree = "<group>"; };
		1145071798A53F6759BDD07C /* libPods.a */ = {isa = PBXFileReference; explicitFileType = archive.ar; includeInIndex = 0; path = libPods.a; sourceTree = BUILT_PRODUCTS_DIR; };
		2F138D131B686C070053CF89 /* MyTableViewCell.h */ = {isa = PBXFileReference; fileEncoding = 4; lastKnownFileType = sourcecode.c.h; name = MyTableViewCell.h; path = ../MyTableViewCell.h; sourceTree = "<group>"; };
		2F138D141B686C070053CF89 /* MyTableViewCell.m */ = {isa = PBXFileReference; fileEncoding = 4; lastKnownFileType = sourcecode.c.objc; name = MyTableViewCell.m; path = ../MyTableViewCell.m; sourceTree = "<group>"; };
		2F138D151B686C070053CF89 /* NSStream+SKPSMTPExtensions.m */ = {isa = PBXFileReference; fileEncoding = 4; lastKnownFileType = sourcecode.c.objc; name = "NSStream+SKPSMTPExtensions.m"; path = "../NSStream+SKPSMTPExtensions.m"; sourceTree = "<group>"; };
		2F138D161B686C070053CF89 /* Base64Transcoder.h */ = {isa = PBXFileReference; fileEncoding = 4; lastKnownFileType = sourcecode.c.h; name = Base64Transcoder.h; path = ../Base64Transcoder.h; sourceTree = "<group>"; };
		2F138D171B686C070053CF89 /* Base64Transcoder.m */ = {isa = PBXFileReference; fileEncoding = 4; lastKnownFileType = sourcecode.c.objc; name = Base64Transcoder.m; path = ../Base64Transcoder.m; sourceTree = "<group>"; };
		2F138D181B686C070053CF89 /* HSK_CFUtilities.h */ = {isa = PBXFileReference; fileEncoding = 4; lastKnownFileType = sourcecode.c.h; name = HSK_CFUtilities.h; path = ../HSK_CFUtilities.h; sourceTree = "<group>"; };
		2F138D191B686C070053CF89 /* HSK_CFUtilities.m */ = {isa = PBXFileReference; fileEncoding = 4; lastKnownFileType = sourcecode.c.objc; name = HSK_CFUtilities.m; path = ../HSK_CFUtilities.m; sourceTree = "<group>"; };
		2F138D1A1B686C070053CF89 /* NSData+Base64Additions.h */ = {isa = PBXFileReference; fileEncoding = 4; lastKnownFileType = sourcecode.c.h; name = "NSData+Base64Additions.h"; path = "../NSData+Base64Additions.h"; sourceTree = "<group>"; };
		2F138D1B1B686C070053CF89 /* NSData+Base64Additions.m */ = {isa = PBXFileReference; fileEncoding = 4; lastKnownFileType = sourcecode.c.objc; name = "NSData+Base64Additions.m"; path = "../NSData+Base64Additions.m"; sourceTree = "<group>"; };
		2F138D1C1B686C070053CF89 /* NSStream+SKPSMTPExtensions.h */ = {isa = PBXFileReference; fileEncoding = 4; lastKnownFileType = sourcecode.c.h; name = "NSStream+SKPSMTPExtensions.h"; path = "../NSStream+SKPSMTPExtensions.h"; sourceTree = "<group>"; };
		2F138D1D1B686C070053CF89 /* SKPSMTPMessage.h */ = {isa = PBXFileReference; fileEncoding = 4; lastKnownFileType = sourcecode.c.h; name = SKPSMTPMessage.h; path = ../SKPSMTPMessage.h; sourceTree = "<group>"; };
		2F138D1E1B686C070053CF89 /* SKPSMTPMessage.m */ = {isa = PBXFileReference; fileEncoding = 4; lastKnownFileType = sourcecode.c.objc; name = SKPSMTPMessage.m; path = ../SKPSMTPMessage.m; sourceTree = "<group>"; };
		2F138D251B686C560053CF89 /* ViewController.h */ = {isa = PBXFileReference; fileEncoding = 4; lastKnownFileType = sourcecode.c.h; name = ViewController.h; path = ../ViewController.h; sourceTree = "<group>"; };
		2F138D261B686C560053CF89 /* ViewController.m */ = {isa = PBXFileReference; fileEncoding = 4; lastKnownFileType = sourcecode.c.objc; name = ViewController.m; path = ../ViewController.m; sourceTree = "<group>"; };
		2FA680A51B62CAF50025D905 /* WeRide.app */ = {isa = PBXFileReference; explicitFileType = wrapper.application; includeInIndex = 0; path = WeRide.app; sourceTree = BUILT_PRODUCTS_DIR; };
		2FA680A91B62CAF50025D905 /* Info.plist */ = {isa = PBXFileReference; lastKnownFileType = text.plist.xml; path = Info.plist; sourceTree = "<group>"; };
		2FA680AA1B62CAF50025D905 /* main.m */ = {isa = PBXFileReference; lastKnownFileType = sourcecode.c.objc; path = main.m; sourceTree = "<group>"; };
		2FA680AC1B62CAF50025D905 /* AppDelegate.h */ = {isa = PBXFileReference; lastKnownFileType = sourcecode.c.h; path = AppDelegate.h; sourceTree = "<group>"; };
		2FA680AD1B62CAF50025D905 /* AppDelegate.m */ = {isa = PBXFileReference; lastKnownFileType = sourcecode.c.objc; path = AppDelegate.m; sourceTree = "<group>"; };
		2FA680AF1B62CAF50025D905 /* FirstViewController.h */ = {isa = PBXFileReference; lastKnownFileType = sourcecode.c.h; path = FirstViewController.h; sourceTree = "<group>"; };
		2FA680B01B62CAF50025D905 /* FirstViewController.m */ = {isa = PBXFileReference; lastKnownFileType = sourcecode.c.objc; path = FirstViewController.m; sourceTree = "<group>"; };
		2FA680B61B62CAF50025D905 /* Base */ = {isa = PBXFileReference; lastKnownFileType = file.storyboard; name = Base; path = Base.lproj/Main.storyboard; sourceTree = "<group>"; };
		2FA680B81B62CAF50025D905 /* Images.xcassets */ = {isa = PBXFileReference; lastKnownFileType = folder.assetcatalog; path = Images.xcassets; sourceTree = "<group>"; };
		2FA680BB1B62CAF50025D905 /* Base */ = {isa = PBXFileReference; lastKnownFileType = file.xib; name = Base; path = Base.lproj/LaunchScreen.xib; sourceTree = "<group>"; };
		2FA680C11B62CAF50025D905 /* WeRideTests.xctest */ = {isa = PBXFileReference; explicitFileType = wrapper.cfbundle; includeInIndex = 0; path = WeRideTests.xctest; sourceTree = BUILT_PRODUCTS_DIR; };
		2FA680C61B62CAF50025D905 /* Info.plist */ = {isa = PBXFileReference; lastKnownFileType = text.plist.xml; path = Info.plist; sourceTree = "<group>"; };
		2FA680C71B62CAF50025D905 /* WeRideTests.m */ = {isa = PBXFileReference; lastKnownFileType = sourcecode.c.objc; path = WeRideTests.m; sourceTree = "<group>"; };
		2FD0575B1B66B737005EEBEC /* FBSDKCoreKit.framework */ = {isa = PBXFileReference; lastKnownFileType = wrapper.framework; path = FBSDKCoreKit.framework; sourceTree = "<group>"; };
		2FD0575C1B66B737005EEBEC /* FBSDKLoginKit.framework */ = {isa = PBXFileReference; lastKnownFileType = wrapper.framework; path = FBSDKLoginKit.framework; sourceTree = "<group>"; };
		2FD0575D1B66B737005EEBEC /* FBSDKShareKit.framework */ = {isa = PBXFileReference; lastKnownFileType = wrapper.framework; path = FBSDKShareKit.framework; sourceTree = "<group>"; };
		2FDC9FAD1B66BB2100646D64 /* FriendItem.h */ = {isa = PBXFileReference; fileEncoding = 4; lastKnownFileType = sourcecode.c.h; path = FriendItem.h; sourceTree = "<group>"; };
		2FDC9FAE1B66BB2100646D64 /* FriendItem.m */ = {isa = PBXFileReference; fileEncoding = 4; lastKnownFileType = sourcecode.c.objc; path = FriendItem.m; sourceTree = "<group>"; };
		2FDC9FAF1B66BB2100646D64 /* LoginFBViewController.h */ = {isa = PBXFileReference; fileEncoding = 4; lastKnownFileType = sourcecode.c.h; path = LoginFBViewController.h; sourceTree = "<group>"; };
		2FDC9FB01B66BB2100646D64 /* LoginFBViewController.m */ = {isa = PBXFileReference; fileEncoding = 4; lastKnownFileType = sourcecode.c.objc; path = LoginFBViewController.m; sourceTree = "<group>"; };
		2FDC9FB71B66BB5900646D64 /* BlueBackground.png */ = {isa = PBXFileReference; lastKnownFileType = image.png; path = BlueBackground.png; sourceTree = "<group>"; };
		2FDC9FB81B66BB5900646D64 /* fb-login-button.png */ = {isa = PBXFileReference; lastKnownFileType = image.png; path = "fb-login-button.png"; sourceTree = "<group>"; };
		A3AF216D7A3AA11A64598A9E /* Pods.release.xcconfig */ = {isa = PBXFileReference; includeInIndex = 1; lastKnownFileType = text.xcconfig; name = Pods.release.xcconfig; path = "Pods/Target Support Files/Pods/Pods.release.xcconfig"; sourceTree = "<group>"; };
/* End PBXFileReference section */

/* Begin PBXFrameworksBuildPhase section */
		2FA680A21B62CAF50025D905 /* Frameworks */ = {
			isa = PBXFrameworksBuildPhase;
			buildActionMask = 2147483647;
			files = (
				2FD0575E1B66B737005EEBEC /* FBSDKCoreKit.framework in Frameworks */,
				2FD0575F1B66B737005EEBEC /* FBSDKLoginKit.framework in Frameworks */,
				2FD057601B66B737005EEBEC /* FBSDKShareKit.framework in Frameworks */,
				BA09C2F3263D8B3C60AB55B5 /* libPods.a in Frameworks */,
			);
			runOnlyForDeploymentPostprocessing = 0;
		};
		2FA680BE1B62CAF50025D905 /* Frameworks */ = {
			isa = PBXFrameworksBuildPhase;
			buildActionMask = 2147483647;
			files = (
			);
			runOnlyForDeploymentPostprocessing = 0;
		};
/* End PBXFrameworksBuildPhase section */

/* Begin PBXGroup section */
		2F138D281B686C650053CF89 /* getoff */ = {
			isa = PBXGroup;
			children = (
				2F138D251B686C560053CF89 /* ViewController.h */,
				2F138D261B686C560053CF89 /* ViewController.m */,
				2F138D131B686C070053CF89 /* MyTableViewCell.h */,
				2F138D141B686C070053CF89 /* MyTableViewCell.m */,
				2F138D151B686C070053CF89 /* NSStream+SKPSMTPExtensions.m */,
				2F138D161B686C070053CF89 /* Base64Transcoder.h */,
				2F138D171B686C070053CF89 /* Base64Transcoder.m */,
				2F138D181B686C070053CF89 /* HSK_CFUtilities.h */,
				2F138D191B686C070053CF89 /* HSK_CFUtilities.m */,
				2F138D1A1B686C070053CF89 /* NSData+Base64Additions.h */,
				2F138D1B1B686C070053CF89 /* NSData+Base64Additions.m */,
				2F138D1C1B686C070053CF89 /* NSStream+SKPSMTPExtensions.h */,
				2F138D1D1B686C070053CF89 /* SKPSMTPMessage.h */,
				2F138D1E1B686C070053CF89 /* SKPSMTPMessage.m */,
			);
			name = getoff;
			sourceTree = "<group>";
		};
		2F138D291B686C7A0053CF89 /* fb */ = {
			isa = PBXGroup;
			children = (
				2FDC9FB71B66BB5900646D64 /* BlueBackground.png */,
				2FDC9FB81B66BB5900646D64 /* fb-login-button.png */,
				2FDC9FAD1B66BB2100646D64 /* FriendItem.h */,
				2FDC9FAE1B66BB2100646D64 /* FriendItem.m */,
				2FDC9FAF1B66BB2100646D64 /* LoginFBViewController.h */,
				2FDC9FB01B66BB2100646D64 /* LoginFBViewController.m */,
				2FA680AF1B62CAF50025D905 /* FirstViewController.h */,
				2FA680B01B62CAF50025D905 /* FirstViewController.m */,
			);
			name = fb;
			sourceTree = "<group>";
		};
		2FA6809C1B62CAF50025D905 = {
			isa = PBXGroup;
			children = (
				2FA680A71B62CAF50025D905 /* WeRide */,
				2FA680C41B62CAF50025D905 /* WeRideTests */,
				2FA680A61B62CAF50025D905 /* Products */,
				81767CBAE9ABE5C098FE904D /* Pods */,
				9ABCCBB5AD0DE97A7EED0FA7 /* Frameworks */,
			);
			sourceTree = "<group>";
		};
		2FA680A61B62CAF50025D905 /* Products */ = {
			isa = PBXGroup;
			children = (
				2FA680A51B62CAF50025D905 /* WeRide.app */,
				2FA680C11B62CAF50025D905 /* WeRideTests.xctest */,
			);
			name = Products;
			sourceTree = "<group>";
		};
		2FA680A71B62CAF50025D905 /* WeRide */ = {
			isa = PBXGroup;
			children = (
				2F138D281B686C650053CF89 /* getoff */,
				2F138D291B686C7A0053CF89 /* fb */,
				2FA680AC1B62CAF50025D905 /* AppDelegate.h */,
				2FA680AD1B62CAF50025D905 /* AppDelegate.m */,
				2FA680B51B62CAF50025D905 /* Main.storyboard */,
				2FA680B81B62CAF50025D905 /* Images.xcassets */,
				2FA680BA1B62CAF50025D905 /* LaunchScreen.xib */,
				2FA680A81B62CAF50025D905 /* Supporting Files */,
			);
			path = WeRide;
			sourceTree = "<group>";
		};
		2FA680A81B62CAF50025D905 /* Supporting Files */ = {
			isa = PBXGroup;
			children = (
				2FA680A91B62CAF50025D905 /* Info.plist */,
				2FA680AA1B62CAF50025D905 /* main.m */,
			);
			name = "Supporting Files";
			sourceTree = "<group>";
		};
		2FA680C41B62CAF50025D905 /* WeRideTests */ = {
			isa = PBXGroup;
			children = (
				2FA680C71B62CAF50025D905 /* WeRideTests.m */,
				2FA680C51B62CAF50025D905 /* Supporting Files */,
			);
			path = WeRideTests;
			sourceTree = "<group>";
		};
		2FA680C51B62CAF50025D905 /* Supporting Files */ = {
			isa = PBXGroup;
			children = (
				2FA680C61B62CAF50025D905 /* Info.plist */,
			);
			name = "Supporting Files";
			sourceTree = "<group>";
		};
		81767CBAE9ABE5C098FE904D /* Pods */ = {
			isa = PBXGroup;
			children = (
				0106F42C4E2FA42051468CBD /* Pods.debug.xcconfig */,
				A3AF216D7A3AA11A64598A9E /* Pods.release.xcconfig */,
			);
			name = Pods;
			sourceTree = "<group>";
		};
		9ABCCBB5AD0DE97A7EED0FA7 /* Frameworks */ = {
			isa = PBXGroup;
			children = (
				2FD0575B1B66B737005EEBEC /* FBSDKCoreKit.framework */,
				2FD0575C1B66B737005EEBEC /* FBSDKLoginKit.framework */,
				2FD0575D1B66B737005EEBEC /* FBSDKShareKit.framework */,
				1145071798A53F6759BDD07C /* libPods.a */,
			);
			name = Frameworks;
			sourceTree = "<group>";
		};
/* End PBXGroup section */

/* Begin PBXNativeTarget section */
		2FA680A41B62CAF50025D905 /* WeRide */ = {
			isa = PBXNativeTarget;
			buildConfigurationList = 2FA680CB1B62CAF50025D905 /* Build configuration list for PBXNativeTarget "WeRide" */;
			buildPhases = (
				2AE0002605CF707E89DC7D33 /* Check Pods Manifest.lock */,
				2FA680A11B62CAF50025D905 /* Sources */,
				2FA680A21B62CAF50025D905 /* Frameworks */,
				2FA680A31B62CAF50025D905 /* Resources */,
				319F18BB0DFBDB635A013E11 /* Copy Pods Resources */,
			);
			buildRules = (
			);
			dependencies = (
			);
			name = WeRide;
			productName = WeRide;
			productReference = 2FA680A51B62CAF50025D905 /* WeRide.app */;
			productType = "com.apple.product-type.application";
		};
		2FA680C01B62CAF50025D905 /* WeRideTests */ = {
			isa = PBXNativeTarget;
			buildConfigurationList = 2FA680CE1B62CAF50025D905 /* Build configuration list for PBXNativeTarget "WeRideTests" */;
			buildPhases = (
				2FA680BD1B62CAF50025D905 /* Sources */,
				2FA680BE1B62CAF50025D905 /* Frameworks */,
				2FA680BF1B62CAF50025D905 /* Resources */,
			);
			buildRules = (
			);
			dependencies = (
				2FA680C31B62CAF50025D905 /* PBXTargetDependency */,
			);
			name = WeRideTests;
			productName = WeRideTests;
			productReference = 2FA680C11B62CAF50025D905 /* WeRideTests.xctest */;
			productType = "com.apple.product-type.bundle.unit-test";
		};
/* End PBXNativeTarget section */

/* Begin PBXProject section */
		2FA6809D1B62CAF50025D905 /* Project object */ = {
			isa = PBXProject;
			attributes = {
				LastUpgradeCheck = 0640;
				ORGANIZATIONNAME = "Dian Wen";
				TargetAttributes = {
					2FA680A41B62CAF50025D905 = {
						CreatedOnToolsVersion = 6.4;
						DevelopmentTeam = 9VUC3R8D65;
					};
					2FA680C01B62CAF50025D905 = {
						CreatedOnToolsVersion = 6.4;
						TestTargetID = 2FA680A41B62CAF50025D905;
					};
				};
			};
			buildConfigurationList = 2FA680A01B62CAF50025D905 /* Build configuration list for PBXProject "WeRide" */;
			compatibilityVersion = "Xcode 3.2";
			developmentRegion = English;
			hasScannedForEncodings = 0;
			knownRegions = (
				en,
				Base,
			);
			mainGroup = 2FA6809C1B62CAF50025D905;
			productRefGroup = 2FA680A61B62CAF50025D905 /* Products */;
			projectDirPath = "";
			projectRoot = "";
			targets = (
				2FA680A41B62CAF50025D905 /* WeRide */,
				2FA680C01B62CAF50025D905 /* WeRideTests */,
			);
		};
/* End PBXProject section */

/* Begin PBXResourcesBuildPhase section */
		2FA680A31B62CAF50025D905 /* Resources */ = {
			isa = PBXResourcesBuildPhase;
			buildActionMask = 2147483647;
			files = (
				2FDC9FBA1B66BB5900646D64 /* fb-login-button.png in Resources */,
				2FA680B71B62CAF50025D905 /* Main.storyboard in Resources */,
				2FDC9FB91B66BB5900646D64 /* BlueBackground.png in Resources */,
				2FA680BC1B62CAF50025D905 /* LaunchScreen.xib in Resources */,
				2FA680B91B62CAF50025D905 /* Images.xcassets in Resources */,
			);
			runOnlyForDeploymentPostprocessing = 0;
		};
		2FA680BF1B62CAF50025D905 /* Resources */ = {
			isa = PBXResourcesBuildPhase;
			buildActionMask = 2147483647;
			files = (
			);
			runOnlyForDeploymentPostprocessing = 0;
		};
/* End PBXResourcesBuildPhase section */

/* Begin PBXShellScriptBuildPhase section */
		2AE0002605CF707E89DC7D33 /* Check Pods Manifest.lock */ = {
			isa = PBXShellScriptBuildPhase;
			buildActionMask = 2147483647;
			files = (
			);
			inputPaths = (
			);
			name = "Check Pods Manifest.lock";
			outputPaths = (
			);
			runOnlyForDeploymentPostprocessing = 0;
			shellPath = /bin/sh;
			shellScript = "diff \"${PODS_ROOT}/../Podfile.lock\" \"${PODS_ROOT}/Manifest.lock\" > /dev/null\nif [[ $? != 0 ]] ; then\n    cat << EOM\nerror: The sandbox is not in sync with the Podfile.lock. Run 'pod install' or update your CocoaPods installation.\nEOM\n    exit 1\nfi\n";
			showEnvVarsInLog = 0;
		};
		319F18BB0DFBDB635A013E11 /* Copy Pods Resources */ = {
			isa = PBXShellScriptBuildPhase;
			buildActionMask = 2147483647;
			files = (
			);
			inputPaths = (
			);
			name = "Copy Pods Resources";
			outputPaths = (
			);
			runOnlyForDeploymentPostprocessing = 0;
			shellPath = /bin/sh;
			shellScript = "\"${SRCROOT}/Pods/Target Support Files/Pods/Pods-resources.sh\"\n";
			showEnvVarsInLog = 0;
		};
/* End PBXShellScriptBuildPhase section */

/* Begin PBXSourcesBuildPhase section */
		2FA680A11B62CAF50025D905 /* Sources */ = {
			isa = PBXSourcesBuildPhase;
			buildActionMask = 2147483647;
			files = (
				2F138D231B686C070053CF89 /* NSData+Base64Additions.m in Sources */,
				2F138D221B686C070053CF89 /* HSK_CFUtilities.m in Sources */,
				2F138D241B686C070053CF89 /* SKPSMTPMessage.m in Sources */,
				2F138D211B686C070053CF89 /* Base64Transcoder.m in Sources */,
				2FDC9FB21B66BB2100646D64 /* LoginFBViewController.m in Sources */,
				2F138D201B686C070053CF89 /* NSStream+SKPSMTPExtensions.m in Sources */,
				2F138D271B686C560053CF89 /* ViewController.m in Sources */,
				2F138D1F1B686C070053CF89 /* MyTableViewCell.m in Sources */,
				2FA680AE1B62CAF50025D905 /* AppDelegate.m in Sources */,
				2FA680B11B62CAF50025D905 /* FirstViewController.m in Sources */,
				2FDC9FB11B66BB2100646D64 /* FriendItem.m in Sources */,
				2FA680AB1B62CAF50025D905 /* main.m in Sources */,
			);
			runOnlyForDeploymentPostprocessing = 0;
		};
		2FA680BD1B62CAF50025D905 /* Sources */ = {
			isa = PBXSourcesBuildPhase;
			buildActionMask = 2147483647;
			files = (
				2FA680C81B62CAF50025D905 /* WeRideTests.m in Sources */,
			);
			runOnlyForDeploymentPostprocessing = 0;
		};
/* End PBXSourcesBuildPhase section */

/* Begin PBXTargetDependency section */
		2FA680C31B62CAF50025D905 /* PBXTargetDependency */ = {
			isa = PBXTargetDependency;
			target = 2FA680A41B62CAF50025D905 /* WeRide */;
			targetProxy = 2FA680C21B62CAF50025D905 /* PBXContainerItemProxy */;
		};
/* End PBXTargetDependency section */

/* Begin PBXVariantGroup section */
		2FA680B51B62CAF50025D905 /* Main.storyboard */ = {
			isa = PBXVariantGroup;
			children = (
				2FA680B61B62CAF50025D905 /* Base */,
			);
			name = Main.storyboard;
			sourceTree = "<group>";
		};
		2FA680BA1B62CAF50025D905 /* LaunchScreen.xib */ = {
			isa = PBXVariantGroup;
			children = (
				2FA680BB1B62CAF50025D905 /* Base */,
			);
			name = LaunchScreen.xib;
			sourceTree = "<group>";
		};
/* End PBXVariantGroup section */

/* Begin XCBuildConfiguration section */
		2FA680C91B62CAF50025D905 /* Debug */ = {
			isa = XCBuildConfiguration;
			buildSettings = {
				ALWAYS_SEARCH_USER_PATHS = NO;
				CLANG_CXX_LANGUAGE_STANDARD = "gnu++0x";
				CLANG_CXX_LIBRARY = "libc++";
				CLANG_ENABLE_MODULES = YES;
				CLANG_ENABLE_OBJC_ARC = YES;
				CLANG_WARN_BOOL_CONVERSION = YES;
				CLANG_WARN_CONSTANT_CONVERSION = YES;
				CLANG_WARN_DIRECT_OBJC_ISA_USAGE = YES_ERROR;
				CLANG_WARN_EMPTY_BODY = YES;
				CLANG_WARN_ENUM_CONVERSION = YES;
				CLANG_WARN_INT_CONVERSION = YES;
				CLANG_WARN_OBJC_ROOT_CLASS = YES_ERROR;
				CLANG_WARN_UNREACHABLE_CODE = YES;
				CLANG_WARN__DUPLICATE_METHOD_MATCH = YES;
				"CODE_SIGN_IDENTITY[sdk=iphoneos*]" = "iPhone Developer";
				COPY_PHASE_STRIP = NO;
				DEBUG_INFORMATION_FORMAT = "dwarf-with-dsym";
				ENABLE_STRICT_OBJC_MSGSEND = YES;
				GCC_C_LANGUAGE_STANDARD = gnu99;
				GCC_DYNAMIC_NO_PIC = NO;
				GCC_NO_COMMON_BLOCKS = YES;
				GCC_OPTIMIZATION_LEVEL = 0;
				GCC_PREPROCESSOR_DEFINITIONS = (
					"DEBUG=1",
					"$(inherited)",
				);
				GCC_SYMBOLS_PRIVATE_EXTERN = NO;
				GCC_WARN_64_TO_32_BIT_CONVERSION = YES;
				GCC_WARN_ABOUT_RETURN_TYPE = YES_ERROR;
				GCC_WARN_UNDECLARED_SELECTOR = YES;
				GCC_WARN_UNINITIALIZED_AUTOS = YES_AGGRESSIVE;
				GCC_WARN_UNUSED_FUNCTION = YES;
				GCC_WARN_UNUSED_VARIABLE = YES;
				IPHONEOS_DEPLOYMENT_TARGET = 8.4;
				MTL_ENABLE_DEBUG_INFO = YES;
				ONLY_ACTIVE_ARCH = YES;
				SDKROOT = iphoneos;
			};
			name = Debug;
		};
		2FA680CA1B62CAF50025D905 /* Release */ = {
			isa = XCBuildConfiguration;
			buildSettings = {
				ALWAYS_SEARCH_USER_PATHS = NO;
				CLANG_CXX_LANGUAGE_STANDARD = "gnu++0x";
				CLANG_CXX_LIBRARY = "libc++";
				CLANG_ENABLE_MODULES = YES;
				CLANG_ENABLE_OBJC_ARC = YES;
				CLANG_WARN_BOOL_CONVERSION = YES;
				CLANG_WARN_CONSTANT_CONVERSION = YES;
				CLANG_WARN_DIRECT_OBJC_ISA_USAGE = YES_ERROR;
				CLANG_WARN_EMPTY_BODY = YES;
				CLANG_WARN_ENUM_CONVERSION = YES;
				CLANG_WARN_INT_CONVERSION = YES;
				CLANG_WARN_OBJC_ROOT_CLASS = YES_ERROR;
				CLANG_WARN_UNREACHABLE_CODE = YES;
				CLANG_WARN__DUPLICATE_METHOD_MATCH = YES;
				"CODE_SIGN_IDENTITY[sdk=iphoneos*]" = "iPhone Developer";
				COPY_PHASE_STRIP = NO;
				DEBUG_INFORMATION_FORMAT = "dwarf-with-dsym";
				ENABLE_NS_ASSERTIONS = NO;
				ENABLE_STRICT_OBJC_MSGSEND = YES;
				GCC_C_LANGUAGE_STANDARD = gnu99;
				GCC_NO_COMMON_BLOCKS = YES;
				GCC_WARN_64_TO_32_BIT_CONVERSION = YES;
				GCC_WARN_ABOUT_RETURN_TYPE = YES_ERROR;
				GCC_WARN_UNDECLARED_SELECTOR = YES;
				GCC_WARN_UNINITIALIZED_AUTOS = YES_AGGRESSIVE;
				GCC_WARN_UNUSED_FUNCTION = YES;
				GCC_WARN_UNUSED_VARIABLE = YES;
				IPHONEOS_DEPLOYMENT_TARGET = 8.4;
				MTL_ENABLE_DEBUG_INFO = NO;
				SDKROOT = iphoneos;
				VALIDATE_PRODUCT = YES;
			};
			name = Release;
		};
		2FA680CC1B62CAF50025D905 /* Debug */ = {
			isa = XCBuildConfiguration;
			baseConfigurationReference = 0106F42C4E2FA42051468CBD /* Pods.debug.xcconfig */;
			buildSettings = {
				ASSETCATALOG_COMPILER_APPICON_NAME = AppIcon;
				CODE_SIGN_IDENTITY = "iPhone Developer";
				FRAMEWORK_SEARCH_PATHS = (
					"$(inherited)",
					"$(PROJECT_DIR)",
				);
				INFOPLIST_FILE = WeRide/Info.plist;
				IPHONEOS_DEPLOYMENT_TARGET = 8.0;
				LD_RUNPATH_SEARCH_PATHS = "$(inherited) @executable_path/Frameworks";
				PRODUCT_NAME = "$(TARGET_NAME)";
			};
			name = Debug;
		};
		2FA680CD1B62CAF50025D905 /* Release */ = {
			isa = XCBuildConfiguration;
			baseConfigurationReference = A3AF216D7A3AA11A64598A9E /* Pods.release.xcconfig */;
			buildSettings = {
				ASSETCATALOG_COMPILER_APPICON_NAME = AppIcon;
				CODE_SIGN_IDENTITY = "iPhone Developer";
				FRAMEWORK_SEARCH_PATHS = (
					"$(inherited)",
					"$(PROJECT_DIR)",
				);
				INFOPLIST_FILE = WeRide/Info.plist;
				IPHONEOS_DEPLOYMENT_TARGET = 8.0;
				LD_RUNPATH_SEARCH_PATHS = "$(inherited) @executable_path/Frameworks";
				PRODUCT_NAME = "$(TARGET_NAME)";
			};
			name = Release;
		};
		2FA680CF1B62CAF50025D905 /* Debug */ = {
			isa = XCBuildConfiguration;
			buildSettings = {
				BUNDLE_LOADER = "$(TEST_HOST)";
				FRAMEWORK_SEARCH_PATHS = (
					"$(SDKROOT)/Developer/Library/Frameworks",
					"$(inherited)",
				);
				GCC_PREPROCESSOR_DEFINITIONS = (
					"DEBUG=1",
					"$(inherited)",
				);
				INFOPLIST_FILE = WeRideTests/Info.plist;
				LD_RUNPATH_SEARCH_PATHS = "$(inherited) @executable_path/Frameworks @loader_path/Frameworks";
				PRODUCT_NAME = "$(TARGET_NAME)";
				TEST_HOST = "$(BUILT_PRODUCTS_DIR)/WeRide.app/WeRide";
			};
			name = Debug;
		};
		2FA680D01B62CAF50025D905 /* Release */ = {
			isa = XCBuildConfiguration;
			buildSettings = {
				BUNDLE_LOADER = "$(TEST_HOST)";
				FRAMEWORK_SEARCH_PATHS = (
					"$(SDKROOT)/Developer/Library/Frameworks",
					"$(inherited)",
				);
				INFOPLIST_FILE = WeRideTests/Info.plist;
				LD_RUNPATH_SEARCH_PATHS = "$(inherited) @executable_path/Frameworks @loader_path/Frameworks";
				PRODUCT_NAME = "$(TARGET_NAME)";
				TEST_HOST = "$(BUILT_PRODUCTS_DIR)/WeRide.app/WeRide";
			};
			name = Release;
		};
/* End XCBuildConfiguration section */

/* Begin XCConfigurationList section */
		2FA680A01B62CAF50025D905 /* Build configuration list for PBXProject "WeRide" */ = {
			isa = XCConfigurationList;
			buildConfigurations = (
				2FA680C91B62CAF50025D905 /* Debug */,
				2FA680CA1B62CAF50025D905 /* Release */,
			);
			defaultConfigurationIsVisible = 0;
			defaultConfigurationName = Release;
		};
		2FA680CB1B62CAF50025D905 /* Build configuration list for PBXNativeTarget "WeRide" */ = {
			isa = XCConfigurationList;
			buildConfigurations = (
				2FA680CC1B62CAF50025D905 /* Debug */,
				2FA680CD1B62CAF50025D905 /* Release */,
			);
			defaultConfigurationIsVisible = 0;
			defaultConfigurationName = Release;
		};
		2FA680CE1B62CAF50025D905 /* Build configuration list for PBXNativeTarget "WeRideTests" */ = {
			isa = XCConfigurationList;
			buildConfigurations = (
				2FA680CF1B62CAF50025D905 /* Debug */,
				2FA680D01B62CAF50025D905 /* Release */,
			);
			defaultConfigurationIsVisible = 0;
			defaultConfigurationName = Release;
		};
/* End XCConfigurationList section */
	};
	rootObject = 2FA6809D1B62CAF50025D905 /* Project object */;
}
